{
  "name": "html2image",
  "version": "1.0.0",
  "lockfileVersion": 1,
  "requires": true,
  "dependencies": {
    "downloadjs": {
      "version": "1.4.7",
      "resolved": "https://registry.npmjs.org/downloadjs/-/downloadjs-1.4.7.tgz",
      "integrity": "sha1-9p+W+UDg0FU9rCkROYZaPNAQHjw="
    },
    "html-to-image": {
      "version": "1.3.20",
      "resolved": "https://registry.npmjs.org/html-to-image/-/html-to-image-1.3.20.tgz",
      "integrity": "sha512-Pkc4rzqml0/VDPi81Y+ljQH+eko87FzwZpNfoEmj2urWdAiu2u9LxSoOJpWI/++I9uaR3tPe1xLq/VZmwOqVSw=="
    }
  }
}
